{
  "requires": true,
  "lockfileVersion": 1,
  "dependencies": {
    "angular-calendar-scheduler": {
      "version": "14.0.2",
      "resolved": "https://registry.npmjs.org/angular-calendar-scheduler/-/angular-calendar-scheduler-14.0.2.tgz",
      "integrity": "sha512-cv8G+Y1kqGwbJ9CS0VBFiEtMy2JbOMTzKJmdMgmrHXEb0WGiH4lGWgZ8ljH256YRRxqhLeEtRGOs7xS3ixZlZA==",
      "requires": {
        "tslib": "^2.3.0"
      }
    },
    "date-fns": {
      "version": "2.29.1",
      "resolved": "https://registry.npmjs.org/date-fns/-/date-fns-2.29.1.tgz",
      "integrity": "sha512-dlLD5rKaKxpFdnjrs+5azHDFOPEu4ANy/LTh04A1DTzMM7qoajmKCBc8pkKRFT41CNzw+4gQh79X5C+Jq27HAw=="
    },
    "tslib": {
      "version": "2.4.0",
      "resolved": "https://registry.npmjs.org/tslib/-/tslib-2.4.0.tgz",
      "integrity": "sha512-d6xOpEDfsi2CZVlPQzGeux8XMwLT9hssAsaPYExaQMuYskwb+x1x7J371tWlbBdWHroy99KnVB6qIkUbs5X3UQ=="
    }
  }
}
